
Microsoft Visual Studio Solution File, Format Version 12.00
# Visual Studio Version 17
VisualStudioVersion = 17.4.33110.190
MinimumVisualStudioVersion = 10.0.40219.1
Project("{9A19103F-16F7-4668-BE54-9A1E7A4F7556}") = "[WPF]RPG", "[WPF]RPG.csproj", "{ECA62A81-2D6F-4E5F-8DC5-E7CB6EDB9674}"
EndProject
Project("{FAE04EC0-301F-11D3-BF4B-00C04F79EFBC}") = "Server", "..\Server\Server.csproj", "{0A32B69C-A9EF-4890-9108-762F47A2D9AC}"
EndProject
Global
	GlobalSection(SolutionConfigurationPlatforms) = preSolution
		Debug|Any CPU = Debug|Any CPU
		Release|Any CPU = Release|Any CPU
	EndGlobalSection
	GlobalSection(ProjectConfigurationPlatforms) = postSolution
		{ECA62A81-2D6F-4E5F-8DC5-E7CB6EDB9674}.Debug|Any CPU.ActiveCfg = Debug|Any CPU
		{ECA62A81-2D6F-4E5F-8DC5-E7CB6EDB9674}.Debug|Any CPU.Build.0 = Debug|Any CPU
		{ECA62A81-2D6F-4E5F-8DC5-E7CB6EDB9674}.Release|Any CPU.ActiveCfg = Release|Any CPU
		{ECA62A81-2D6F-4E5F-8DC5-E7CB6EDB9674}.Release|Any CPU.Build.0 = Release|Any CPU
		{0A32B69C-A9EF-4890-9108-762F47A2D9AC}.Debug|Any CPU.ActiveCfg = Debug|Any CPU
		{0A32B69C-A9EF-4890-9108-762F47A2D9AC}.Debug|Any CPU.Build.0 = Debug|Any CPU
		{0A32B69C-A9EF-4890-9108-762F47A2D9AC}.Release|Any CPU.ActiveCfg = Release|Any CPU
		{0A32B69C-A9EF-4890-9108-762F47A2D9AC}.Release|Any CPU.Build.0 = Release|Any CPU
	EndGlobalSection
	GlobalSection(SolutionProperties) = preSolution
		HideSolutionNode = FALSE
	EndGlobalSection
	GlobalSection(ExtensibilityGlobals) = postSolution
		SolutionGuid = {3041DB4A-7179-4251-98A3-9ED258344EC3}
	EndGlobalSection
EndGlobal
